// !$*UTF8*$!
{
	archiveVersion = 1;
	classes = {
	};
	objectVersion = 77;
	objects = {

/* Begin PBXContainerItemProxy section */
		96C13B0D2E26C2FA00EB84AC /* PBXContainerItemProxy */ = {
			isa = PBXContainerItemProxy;
			containerPortal = 96C13AF72E26C2F900EB84AC /* Project object */;
			proxyType = 1;
			remoteGlobalIDString = 96C13AFE2E26C2F900EB84AC;
			remoteInfo = DocProj;
		};
		96C13B172E26C2FA00EB84AC /* PBXContainerItemProxy */ = {
			isa = PBXContainerItemProxy;
			containerPortal = 96C13AF72E26C2F900EB84AC /* Project object */;
			proxyType = 1;
			remoteGlobalIDString = 96C13AFE2E26C2F900EB84AC;
			remoteInfo = DocProj;
		};
/* End PBXContainerItemProxy section */

/* Begin PBXFileReference section */
		96C13AFF2E26C2F900EB84AC /* DocProj.app */ = {isa = PBXFileReference; explicitFileType = wrapper.application; includeInIndex = 0; path = DocProj.app; sourceTree = BUILT_PRODUCTS_DIR; };
		96C13B0C2E26C2FA00EB84AC /* DocProjTests.xctest */ = {isa = PBXFileReference; explicitFileType = wrapper.cfbundle; includeInIndex = 0; path = DocProjTests.xctest; sourceTree = BUILT_PRODUCTS_DIR; };
		96C13B162E26C2FA00EB84AC /* DocProjUITests.xctest */ = {isa = PBXFileReference; explicitFileType = wrapper.cfbundle; includeInIndex = 0; path = DocProjUITests.xctest; sourceTree = BUILT_PRODUCTS_DIR; };
/* End PBXFileReference section */

/* Begin PBXFileSystemSynchronizedRootGroup section */
		96C13B012E26C2F900EB84AC /* DocProj */ = {
			isa = PBXFileSystemSynchronizedRootGroup;
			path = DocProj;
			sourceTree = "<group>";
		};
		96C13B0F2E26C2FA00EB84AC /* DocProjTests */ = {
			isa = PBXFileSystemSynchronizedRootGroup;
			path = DocProjTests;
			sourceTree = "<group>";
		};
		96C13B192E26C2FA00EB84AC /* DocProjUITests */ = {
			isa = PBXFileSystemSynchronizedRootGroup;
			path = DocProjUITests;
			sourceTree = "<group>";
		};
/* End PBXFileSystemSynchronizedRootGroup section */

/* Begin PBXFrameworksBuildPhase section */
		96C13AFC2E26C2F900EB84AC /* Frameworks */ = {
			isa = PBXFrameworksBuildPhase;
			buildActionMask = 2147483647;
			files = (
			);
			runOnlyForDeploymentPostprocessing = 0;
		};
		96C13B092E26C2FA00EB84AC /* Frameworks */ = {
			isa = PBXFrameworksBuildPhase;
			buildActionMask = 2147483647;
			files = (
			);
			runOnlyForDeploymentPostprocessing = 0;
		};
		96C13B132E26C2FA00EB84AC /* Frameworks */ = {
			isa = PBXFrameworksBuildPhase;
			buildActionMask = 2147483647;
			files = (
			);
			runOnlyForDeploymentPostprocessing = 0;
		};
/* End PBXFrameworksBuildPhase section */

/* Begin PBXGroup section */
		96C13AF62E26C2F900EB84AC = {
			isa = PBXGroup;
			children = (
				96C13B012E26C2F900EB84AC /* DocProj */,
				96C13B0F2E26C2FA00EB84AC /* DocProjTests */,
				96C13B192E26C2FA00EB84AC /* DocProjUITests */,
				96C13B002E26C2F900EB84AC /* Products */,
			);
			sourceTree = "<group>";
		};
		96C13B002E26C2F900EB84AC /* Products */ = {
			isa = PBXGroup;
			children = (
				96C13AFF2E26C2F900EB84AC /* DocProj.app */,
				96C13B0C2E26C2FA00EB84AC /* DocProjTests.xctest */,
				96C13B162E26C2FA00EB84AC /* DocProjUITests.xctest */,
			);
			name = Products;
			sourceTree = "<group>";
		};
/* End PBXGroup section */

/* Begin PBXNativeTarget section */
		96C13AFE2E26C2F900EB84AC /* DocProj */ = {
			isa = PBXNativeTarget;
			buildConfigurationList = 96C13B202E26C2FA00EB84AC /* Build configuration list for PBXNativeTarget "DocProj" */;
			buildPhases = (
				96C13AFB2E26C2F900EB84AC /* Sources */,
				96C13AFC2E26C2F900EB84AC /* Frameworks */,
				96C13AFD2E26C2F900EB84AC /* Resources */,
			);
			buildRules = (
			);
			dependencies = (
			);
			fileSystemSynchronizedGroups = (
				96C13B012E26C2F900EB84AC /* DocProj */,
			);
			name = DocProj;
			packageProductDependencies = (
			);
			productName = DocProj;
			productReference = 96C13AFF2E26C2F900EB84AC /* DocProj.app */;
			productType = "com.apple.product-type.application";
		};
		96C13B0B2E26C2FA00EB84AC /* DocProjTests */ = {
			isa = PBXNativeTarget;
			buildConfigurationList = 96C13B232E26C2FA00EB84AC /* Build configuration list for PBXNativeTarget "DocProjTests" */;
			buildPhases = (
				96C13B082E26C2FA00EB84AC /* Sources */,
				96C13B092E26C2FA00EB84AC /* Frameworks */,
				96C13B0A2E26C2FA00EB84AC /* Resources */,
			);
			buildRules = (
			);
			dependencies = (
				96C13B0E2E26C2FA00EB84AC /* PBXTargetDependency */,
			);
			fileSystemSynchronizedGroups = (
				96C13B0F2E26C2FA00EB84AC /* DocProjTests */,
			);
			name = DocProjTests;
			packageProductDependencies = (
			);
			productName = DocProjTests;
			productReference = 96C13B0C2E26C2FA00EB84AC /* DocProjTests.xctest */;
			productType = "com.apple.product-type.bundle.unit-test";
		};
		96C13B152E26C2FA00EB84AC /* DocProjUITests */ = {
			isa = PBXNativeTarget;
			buildConfigurationList = 96C13B262E26C2FA00EB84AC /* Build configuration list for PBXNativeTarget "DocProjUITests" */;
			buildPhases = (
				96C13B122E26C2FA00EB84AC /* Sources */,
				96C13B132E26C2FA00EB84AC /* Frameworks */,
				96C13B142E26C2FA00EB84AC /* Resources */,
			);
			buildRules = (
			);
			dependencies = (
				96C13B182E26C2FA00EB84AC /* PBXTargetDependency */,
			);
			fileSystemSynchronizedGroups = (
				96C13B192E26C2FA00EB84AC /* DocProjUITests */,
			);
			name = DocProjUITests;
			packageProductDependencies = (
			);
			productName = DocProjUITests;
			productReference = 96C13B162E26C2FA00EB84AC /* DocProjUITests.xctest */;
			productType = "com.apple.product-type.bundle.ui-testing";
		};
/* End PBXNativeTarget section */

/* Begin PBXProject section */
		96C13AF72E26C2F900EB84AC /* Project object */ = {
			isa = PBXProject;
			attributes = {
				BuildIndependentTargetsInParallel = 1;
				LastSwiftUpdateCheck = 1640;
				LastUpgradeCheck = 1640;
				TargetAttributes = {
					96C13AFE2E26C2F900EB84AC = {
						CreatedOnToolsVersion = 16.4;
					};
					96C13B0B2E26C2FA00EB84AC = {
						CreatedOnToolsVersion = 16.4;
						TestTargetID = 96C13AFE2E26C2F900EB84AC;
					};
					96C13B152E26C2FA00EB84AC = {
						CreatedOnToolsVersion = 16.4;
						TestTargetID = 96C13AFE2E26C2F900EB84AC;
					};
				};
			};
			buildConfigurationList = 96C13AFA2E26C2F900EB84AC /* Build configuration list for PBXProject "DocProj" */;
			developmentRegion = en;
			hasScannedForEncodings = 0;
			knownRegions = (
				en,
				Base,
			);
			mainGroup = 96C13AF62E26C2F900EB84AC;
			minimizedProjectReferenceProxies = 1;
			preferredProjectObjectVersion = 77;
			productRefGroup = 96C13B002E26C2F900EB84AC /* Products */;
			projectDirPath = "";
			projectRoot = "";
			targets = (
				96C13AFE2E26C2F900EB84AC /* DocProj */,
				96C13B0B2E26C2FA00EB84AC /* DocProjTests */,
				96C13B152E26C2FA00EB84AC /* DocProjUITests */,
			);
		};
/* End PBXProject section */

/* Begin PBXResourcesBuildPhase section */
		96C13AFD2E26C2F900EB84AC /* Resources */ = {
			isa = PBXResourcesBuildPhase;
			buildActionMask = 2147483647;
			files = (
			);
			runOnlyForDeploymentPostprocessing = 0;
		};
		96C13B0A2E26C2FA00EB84AC /* Resources */ = {
			isa = PBXResourcesBuildPhase;
			buildActionMask = 2147483647;
			files = (
			);
			runOnlyForDeploymentPostprocessing = 0;
		};
		96C13B142E26C2FA00EB84AC /* Resources */ = {
			isa = PBXResourcesBuildPhase;
			buildActionMask = 2147483647;
			files = (
			);
			runOnlyForDeploymentPostprocessing = 0;
		};
/* End PBXResourcesBuildPhase section */

/* Begin PBXSourcesBuildPhase section */
		96C13AFB2E26C2F900EB84AC /* Sources */ = {
			isa = PBXSourcesBuildPhase;
			buildActionMask = 2147483647;
			files = (
			);
			runOnlyForDeploymentPostprocessing = 0;
		};
		96C13B082E26C2FA00EB84AC /* Sources */ = {
			isa = PBXSourcesBuildPhase;
			buildActionMask = 2147483647;
			files = (
			);
			runOnlyForDeploymentPostprocessing = 0;
		};
		96C13B122E26C2FA00EB84AC /* Sources */ = {
			isa = PBXSourcesBuildPhase;
			buildActionMask = 2147483647;
			files = (
			);
			runOnlyForDeploymentPostprocessing = 0;
		};
/* End PBXSourcesBuildPhase section */

/* Begin PBXTargetDependency section */
		96C13B0E2E26C2FA00EB84AC /* PBXTargetDependency */ = {
			isa = PBXTargetDependency;
			target = 96C13AFE2E26C2F900EB84AC /* DocProj */;
			targetProxy = 96C13B0D2E26C2FA00EB84AC /* PBXContainerItemProxy */;
		};
		96C13B182E26C2FA00EB84AC /* PBXTargetDependency */ = {
			isa = PBXTargetDependency;
			target = 96C13AFE2E26C2F900EB84AC /* DocProj */;
			targetProxy = 96C13B172E26C2FA00EB84AC /* PBXContainerItemProxy */;
		};
/* End PBXTargetDependency section */

/* Begin XCBuildConfiguration section */
		96C13B1E2E26C2FA00EB84AC /* Debug */ = {
			isa = XCBuildConfiguration;
			buildSettings = {
				ALWAYS_SEARCH_USER_PATHS = NO;
				ASSETCATALOG_COMPILER_GENERATE_SWIFT_ASSET_SYMBOL_EXTENSIONS = YES;
				CLANG_ANALYZER_NONNULL = YES;
				CLANG_ANALYZER_NUMBER_OBJECT_CONVERSION = YES_AGGRESSIVE;
				CLANG_CXX_LANGUAGE_STANDARD = "gnu++20";
				CLANG_ENABLE_MODULES = YES;
				CLANG_ENABLE_OBJC_ARC = YES;
				CLANG_ENABLE_OBJC_WEAK = YES;
				CLANG_WARN_BLOCK_CAPTURE_AUTORELEASING = YES;
				CLANG_WARN_BOOL_CONVERSION = YES;
				CLANG_WARN_COMMA = YES;
				CLANG_WARN_CONSTANT_CONVERSION = YES;
				CLANG_WARN_DEPRECATED_OBJC_IMPLEMENTATIONS = YES;
				CLANG_WARN_DIRECT_OBJC_ISA_USAGE = YES_ERROR;
				CLANG_WARN_DOCUMENTATION_COMMENTS = YES;
				CLANG_WARN_EMPTY_BODY = YES;
				CLANG_WARN_ENUM_CONVERSION = YES;
				CLANG_WARN_INFINITE_RECURSION = YES;
				CLANG_WARN_INT_CONVERSION = YES;
				CLANG_WARN_NON_LITERAL_NULL_CONVERSION = YES;
				CLANG_WARN_OBJC_IMPLICIT_RETAIN_SELF = YES;
				CLANG_WARN_OBJC_LITERAL_CONVERSION = YES;
				CLANG_WARN_OBJC_ROOT_CLASS = YES_ERROR;
				CLANG_WARN_QUOTED_INCLUDE_IN_FRAMEWORK_HEADER = YES;
				CLANG_WARN_RANGE_LOOP_ANALYSIS = YES;
				CLANG_WARN_STRICT_PROTOTYPES = YES;
				CLANG_WARN_SUSPICIOUS_MOVE = YES;
				CLANG_WARN_UNGUARDED_AVAILABILITY = YES_AGGRESSIVE;
				CLANG_WARN_UNREACHABLE_CODE = YES;
				CLANG_WARN__DUPLICATE_METHOD_MATCH = YES;
				COPY_PHASE_STRIP = NO;
				DEBUG_INFORMATION_FORMAT = dwarf;
				ENABLE_STRICT_OBJC_MSGSEND = YES;
				ENABLE_TESTABILITY = YES;
				ENABLE_USER_SCRIPT_SANDBOXING = YES;
				GCC_C_LANGUAGE_STANDARD = gnu17;
				GCC_DYNAMIC_NO_PIC = NO;
				GCC_NO_COMMON_BLOCKS = YES;
				GCC_OPTIMIZATION_LEVEL = 0;
				GCC_PREPROCESSOR_DEFINITIONS = (
					"DEBUG=1",
					"$(inherited)",
				);
				GCC_WARN_64_TO_32_BIT_CONVERSION = YES;
				GCC_WARN_ABOUT_RETURN_TYPE = YES_ERROR;
				GCC_WARN_UNDECLARED_SELECTOR = YES;
				GCC_WARN_UNINITIALIZED_AUTOS = YES_AGGRESSIVE;
				GCC_WARN_UNUSED_FUNCTION = YES;
				GCC_WARN_UNUSED_VARIABLE = YES;
				IPHONEOS_DEPLOYMENT_TARGET = 18.5;
				LOCALIZATION_PREFERS_STRING_CATALOGS = YES;
				MTL_ENABLE_DEBUG_INFO = INCLUDE_SOURCE;
				MTL_FAST_MATH = YES;
				ONLY_ACTIVE_ARCH = YES;
				SDKROOT = iphoneos;
				SWIFT_ACTIVE_COMPILATION_CONDITIONS = "DEBUG $(inherited)";
				SWIFT_OPTIMIZATION_LEVEL = "-Onone";
			};
			name = Debug;
		};
		96C13B1F2E26C2FA00EB84AC /* Release */ = {
			isa = XCBuildConfiguration;
			buildSettings = {
				ALWAYS_SEARCH_USER_PATHS = NO;
				ASSETCATALOG_COMPILER_GENERATE_SWIFT_ASSET_SYMBOL_EXTENSIONS = YES;
				CLANG_ANALYZER_NONNULL = YES;
				CLANG_ANALYZER_NUMBER_OBJECT_CONVERSION = YES_AGGRESSIVE;
				CLANG_CXX_LANGUAGE_STANDARD = "gnu++20";
				CLANG_ENABLE_MODULES = YES;
				CLANG_ENABLE_OBJC_ARC = YES;
				CLANG_ENABLE_OBJC_WEAK = YES;
				CLANG_WARN_BLOCK_CAPTURE_AUTORELEASING = YES;
				CLANG_WARN_BOOL_CONVERSION = YES;
				CLANG_WARN_COMMA = YES;
				CLANG_WARN_CONSTANT_CONVERSION = YES;
				CLANG_WARN_DEPRECATED_OBJC_IMPLEMENTATIONS = YES;
				CLANG_WARN_DIRECT_OBJC_ISA_USAGE = YES_ERROR;
				CLANG_WARN_DOCUMENTATION_COMMENTS = YES;
				CLANG_WARN_EMPTY_BODY = YES;
				CLANG_WARN_ENUM_CONVERSION = YES;
				CLANG_WARN_INFINITE_RECURSION = YES;
				CLANG_WARN_INT_CONVERSION = YES;
				CLANG_WARN_NON_LITERAL_NULL_CONVERSION = YES;
				CLANG_WARN_OBJC_IMPLICIT_RETAIN_SELF = YES;
				CLANG_WARN_OBJC_LITERAL_CONVERSION = YES;
				CLANG_WARN_OBJC_ROOT_CLASS = YES_ERROR;
				CLANG_WARN_QUOTED_INCLUDE_IN_FRAMEWORK_HEADER = YES;
				CLANG_WARN_RANGE_LOOP_ANALYSIS = YES;
				CLANG_WARN_STRICT_PROTOTYPES = YES;
				CLANG_WARN_SUSPICIOUS_MOVE = YES;
				CLANG_WARN_UNGUARDED_AVAILABILITY = YES_AGGRESSIVE;
				CLANG_WARN_UNREACHABLE_CODE = YES;
				CLANG_WARN__DUPLICATE_METHOD_MATCH = YES;
				COPY_PHASE_STRIP = NO;
				DEBUG_INFORMATION_FORMAT = "dwarf-with-dsym";
				ENABLE_NS_ASSERTIONS = NO;
				ENABLE_STRICT_OBJC_MSGSEND = YES;
				ENABLE_USER_SCRIPT_SANDBOXING = YES;
				GCC_C_LANGUAGE_STANDARD = gnu17;
				GCC_NO_COMMON_BLOCKS = YES;
				GCC_WARN_64_TO_32_BIT_CONVERSION = YES;
				GCC_WARN_ABOUT_RETURN_TYPE = YES_ERROR;
				GCC_WARN_UNDECLARED_SELECTOR = YES;
				GCC_WARN_UNINITIALIZED_AUTOS = YES_AGGRESSIVE;
				GCC_WARN_UNUSED_FUNCTION = YES;
				GCC_WARN_UNUSED_VARIABLE = YES;
				IPHONEOS_DEPLOYMENT_TARGET = 18.5;
				LOCALIZATION_PREFERS_STRING_CATALOGS = YES;
				MTL_ENABLE_DEBUG_INFO = NO;
				MTL_FAST_MATH = YES;
				SDKROOT = iphoneos;
				SWIFT_COMPILATION_MODE = wholemodule;
				VALIDATE_PRODUCT = YES;
			};
			name = Release;
		};
		96C13B212E26C2FA00EB84AC /* Debug */ = {
			isa = XCBuildConfiguration;
			buildSettings = {
				ASSETCATALOG_COMPILER_APPICON_NAME = AppIcon;
				ASSETCATALOG_COMPILER_GLOBAL_ACCENT_COLOR_NAME = AccentColor;
				CODE_SIGN_STYLE = Automatic;
				CURRENT_PROJECT_VERSION = 1;
				DEVELOPMENT_TEAM = YPX8F5ED57;
				ENABLE_PREVIEWS = YES;
				GENERATE_INFOPLIST_FILE = YES;
				INFOPLIST_KEY_UIApplicationSceneManifest_Generation = YES;
				INFOPLIST_KEY_UIApplicationSupportsIndirectInputEvents = YES;
				INFOPLIST_KEY_UILaunchScreen_Generation = YES;
				INFOPLIST_KEY_UISupportedInterfaceOrientations_iPad = "UIInterfaceOrientationPortrait UIInterfaceOrientationPortraitUpsideDown UIInterfaceOrientationLandscapeLeft UIInterfaceOrientationLandscapeRight";
				INFOPLIST_KEY_UISupportedInterfaceOrientations_iPhone = "UIInterfaceOrientationPortrait UIInterfaceOrientationLandscapeLeft UIInterfaceOrientationLandscapeRight";
				LD_RUNPATH_SEARCH_PATHS = (
					"$(inherited)",
					"@executable_path/Frameworks",
				);
				MARKETING_VERSION = 1.0;
				PRODUCT_BUNDLE_IDENTIFIER = com.example.DocProj;
				PRODUCT_NAME = "$(TARGET_NAME)";
				SWIFT_EMIT_LOC_STRINGS = YES;
				SWIFT_VERSION = 5.0;
				TARGETED_DEVICE_FAMILY = "1,2";
			};
			name = Debug;
		};
		96C13B222E26C2FA00EB84AC /* Release */ = {
			isa = XCBuildConfiguration;
			buildSettings = {
				ASSETCATALOG_COMPILER_APPICON_NAME = AppIcon;
				ASSETCATALOG_COMPILER_GLOBAL_ACCENT_COLOR_NAME = AccentColor;
				CODE_SIGN_STYLE = Automatic;
				CURRENT_PROJECT_VERSION = 1;
				DEVELOPMENT_TEAM = YPX8F5ED57;
				ENABLE_PREVIEWS = YES;
				GENERATE_INFOPLIST_FILE = YES;
				INFOPLIST_KEY_UIApplicationSceneManifest_Generation = YES;
				INFOPLIST_KEY_UIApplicationSupportsIndirectInputEvents = YES;
				INFOPLIST_KEY_UILaunchScreen_Generation = YES;
				INFOPLIST_KEY_UISupportedInterfaceOrientations_iPad = "UIInterfaceOrientationPortrait UIInterfaceOrientationPortraitUpsideDown UIInterfaceOrientationLandscapeLeft UIInterfaceOrientationLandscapeRight";
				INFOPLIST_KEY_UISupportedInterfaceOrientations_iPhone = "UIInterfaceOrientationPortrait UIInterfaceOrientationLandscapeLeft UIInterfaceOrientationLandscapeRight";
				LD_RUNPATH_SEARCH_PATHS = (
					"$(inherited)",
					"@executable_path/Frameworks",
				);
				MARKETING_VERSION = 1.0;
				PRODUCT_BUNDLE_IDENTIFIER = com.example.DocProj;
				PRODUCT_NAME = "$(TARGET_NAME)";
				SWIFT_EMIT_LOC_STRINGS = YES;
				SWIFT_VERSION = 5.0;
				TARGETED_DEVICE_FAMILY = "1,2";
			};
			name = Release;
		};
		96C13B242E26C2FA00EB84AC /* Debug */ = {
			isa = XCBuildConfiguration;
			buildSettings = {
				BUNDLE_LOADER = "$(TEST_HOST)";
				CODE_SIGN_STYLE = Automatic;
				CURRENT_PROJECT_VERSION = 1;
				GENERATE_INFOPLIST_FILE = YES;
				IPHONEOS_DEPLOYMENT_TARGET = 18.5;
				MARKETING_VERSION = 1.0;
				PRODUCT_BUNDLE_IDENTIFIER = com.example.DocProjTests;
				PRODUCT_NAME = "$(TARGET_NAME)";
				SWIFT_EMIT_LOC_STRINGS = NO;
				SWIFT_VERSION = 5.0;
				TARGETED_DEVICE_FAMILY = "1,2";
				TEST_HOST = "$(BUILT_PRODUCTS_DIR)/DocProj.app/$(BUNDLE_EXECUTABLE_FOLDER_PATH)/DocProj";
			};
			name = Debug;
		};
		96C13B252E26C2FA00EB84AC /* Release */ = {
			isa = XCBuildConfiguration;
			buildSettings = {
				BUNDLE_LOADER = "$(TEST_HOST)";
				CODE_SIGN_STYLE = Automatic;
				CURRENT_PROJECT_VERSION = 1;
				GENERATE_INFOPLIST_FILE = YES;
				IPHONEOS_DEPLOYMENT_TARGET = 18.5;
				MARKETING_VERSION = 1.0;
				PRODUCT_BUNDLE_IDENTIFIER = com.example.DocProjTests;
				PRODUCT_NAME = "$(TARGET_NAME)";
				SWIFT_EMIT_LOC_STRINGS = NO;
				SWIFT_VERSION = 5.0;
				TARGETED_DEVICE_FAMILY = "1,2";
				TEST_HOST = "$(BUILT_PRODUCTS_DIR)/DocProj.app/$(BUNDLE_EXECUTABLE_FOLDER_PATH)/DocProj";
			};
			name = Release;
		};
		96C13B272E26C2FA00EB84AC /* Debug */ = {
			isa = XCBuildConfiguration;
			buildSettings = {
				CODE_SIGN_STYLE = Automatic;
				CURRENT_PROJECT_VERSION = 1;
				GENERATE_INFOPLIST_FILE = YES;
				MARKETING_VERSION = 1.0;
				PRODUCT_BUNDLE_IDENTIFIER = com.example.DocProjUITests;
				PRODUCT_NAME = "$(TARGET_NAME)";
				SWIFT_EMIT_LOC_STRINGS = NO;
				SWIFT_VERSION = 5.0;
				TARGETED_DEVICE_FAMILY = "1,2";
				TEST_TARGET_NAME = DocProj;
			};
			name = Debug;
		};
		96C13B282E26C2FA00EB84AC /* Release */ = {
			isa = XCBuildConfiguration;
			buildSettings = {
				CODE_SIGN_STYLE = Automatic;
				CURRENT_PROJECT_VERSION = 1;
				GENERATE_INFOPLIST_FILE = YES;
				MARKETING_VERSION = 1.0;
				PRODUCT_BUNDLE_IDENTIFIER = com.example.DocProjUITests;
				PRODUCT_NAME = "$(TARGET_NAME)";
				SWIFT_EMIT_LOC_STRINGS = NO;
				SWIFT_VERSION = 5.0;
				TARGETED_DEVICE_FAMILY = "1,2";
				TEST_TARGET_NAME = DocProj;
			};
			name = Release;
		};
/* End XCBuildConfiguration section */

/* Begin XCConfigurationList section */
		96C13AFA2E26C2F900EB84AC /* Build configuration list for PBXProject "DocProj" */ = {
			isa = XCConfigurationList;
			buildConfigurations = (
				96C13B1E2E26C2FA00EB84AC /* Debug */,
				96C13B1F2E26C2FA00EB84AC /* Release */,
			);
			defaultConfigurationIsVisible = 0;
			defaultConfigurationName = Release;
		};
		96C13B202E26C2FA00EB84AC /* Build configuration list for PBXNativeTarget "DocProj" */ = {
			isa = XCConfigurationList;
			buildConfigurations = (
				96C13B212E26C2FA00EB84AC /* Debug */,
				96C13B222E26C2FA00EB84AC /* Release */,
			);
			defaultConfigurationIsVisible = 0;
			defaultConfigurationName = Release;
		};
		96C13B232E26C2FA00EB84AC /* Build configuration list for PBXNativeTarget "DocProjTests" */ = {
			isa = XCConfigurationList;
			buildConfigurations = (
				96C13B242E26C2FA00EB84AC /* Debug */,
				96C13B252E26C2FA00EB84AC /* Release */,
			);
			defaultConfigurationIsVisible = 0;
			defaultConfigurationName = Release;
		};
		96C13B262E26C2FA00EB84AC /* Build configuration list for PBXNativeTarget "DocProjUITests" */ = {
			isa = XCConfigurationList;
			buildConfigurations = (
				96C13B272E26C2FA00EB84AC /* Debug */,
				96C13B282E26C2FA00EB84AC /* Release */,
			);
			defaultConfigurationIsVisible = 0;
			defaultConfigurationName = Release;
		};
/* End XCConfigurationList section */
	};
	rootObject = 96C13AF72E26C2F900EB84AC /* Project object */;
}
